// !$*UTF8*$!
{
	archiveVersion = 1;
	classes = {
	};
	objectVersion = 50;
	objects = {

/* Begin PBXBuildFile section */
		08EDA15B22948DFC00527C37 /* AppDelegate.swift in Sources */ = {isa = PBXBuildFile; fileRef = 08EDA15A22948DFC00527C37 /* AppDelegate.swift */; };
		08EDA15D22948DFC00527C37 /* NotesViewController.swift in Sources */ = {isa = PBXBuildFile; fileRef = 08EDA15C22948DFC00527C37 /* NotesViewController.swift */; };
		08EDA16022948DFC00527C37 /* Main.storyboard in Resources */ = {isa = PBXBuildFile; fileRef = 08EDA15E22948DFC00527C37 /* Main.storyboard */; };
		08EDA16322948DFC00527C37 /* Notes.xcdatamodeld in Sources */ = {isa = PBXBuildFile; fileRef = 08EDA16122948DFC00527C37 /* Notes.xcdatamodeld */; };
		08EDA16522948DFF00527C37 /* Assets.xcassets in Resources */ = {isa = PBXBuildFile; fileRef = 08EDA16422948DFF00527C37 /* Assets.xcassets */; };
		08EDA16822948DFF00527C37 /* LaunchScreen.storyboard in Resources */ = {isa = PBXBuildFile; fileRef = 08EDA16622948DFF00527C37 /* LaunchScreen.storyboard */; };
		08EDA173229535E000527C37 /* SelectedNoteViewController.swift in Sources */ = {isa = PBXBuildFile; fileRef = 08EDA172229535E000527C37 /* SelectedNoteViewController.swift */; };
/* End PBXBuildFile section */

/* Begin PBXFileReference section */
		08EDA15722948DFC00527C37 /* Notes.app */ = {isa = PBXFileReference; explicitFileType = wrapper.application; includeInIndex = 0; path = Notes.app; sourceTree = BUILT_PRODUCTS_DIR; };
		08EDA15A22948DFC00527C37 /* AppDelegate.swift */ = {isa = PBXFileReference; lastKnownFileType = sourcecode.swift; path = AppDelegate.swift; sourceTree = "<group>"; };
		08EDA15C22948DFC00527C37 /* NotesViewController.swift */ = {isa = PBXFileReference; lastKnownFileType = sourcecode.swift; path = NotesViewController.swift; sourceTree = "<group>"; };
		08EDA15F22948DFC00527C37 /* Base */ = {isa = PBXFileReference; lastKnownFileType = file.storyboard; name = Base; path = Base.lproj/Main.storyboard; sourceTree = "<group>"; };
		08EDA16222948DFC00527C37 /* Notes.xcdatamodel */ = {isa = PBXFileReference; lastKnownFileType = wrapper.xcdatamodel; path = Notes.xcdatamodel; sourceTree = "<group>"; };
		08EDA16422948DFF00527C37 /* Assets.xcassets */ = {isa = PBXFileReference; lastKnownFileType = folder.assetcatalog; path = Assets.xcassets; sourceTree = "<group>"; };
		08EDA16722948DFF00527C37 /* Base */ = {isa = PBXFileReference; lastKnownFileType = file.storyboard; name = Base; path = Base.lproj/LaunchScreen.storyboard; sourceTree = "<group>"; };
		08EDA16922948DFF00527C37 /* Info.plist */ = {isa = PBXFileReference; lastKnownFileType = text.plist.xml; path = Info.plist; sourceTree = "<group>"; };
		08EDA172229535E000527C37 /* SelectedNoteViewController.swift */ = {isa = PBXFileReference; lastKnownFileType = sourcecode.swift; path = SelectedNoteViewController.swift; sourceTree = "<group>"; };
/* End PBXFileReference section */

/* Begin PBXFrameworksBuildPhase section */
		08EDA15422948DFC00527C37 /* Frameworks */ = {
			isa = PBXFrameworksBuildPhase;
			buildActionMask = 2147483647;
			files = (
			);
			runOnlyForDeploymentPostprocessing = 0;
		};
/* End PBXFrameworksBuildPhase section */

/* Begin PBXGroup section */
		08EDA14E22948DFC00527C37 = {
			isa = PBXGroup;
			children = (
				08EDA15922948DFC00527C37 /* Notes */,
				08EDA15822948DFC00527C37 /* Products */,
			);
			sourceTree = "<group>";
		};
		08EDA15822948DFC00527C37 /* Products */ = {
			isa = PBXGroup;
			children = (
				08EDA15722948DFC00527C37 /* Notes.app */,
			);
			name = Products;
			sourceTree = "<group>";
		};
		08EDA15922948DFC00527C37 /* Notes */ = {
			isa = PBXGroup;
			children = (
				08EDA17122948E3600527C37 /* Model */,
				08EDA17022948E1A00527C37 /* View */,
				08EDA16F22948E0900527C37 /* Controllers */,
				08EDA15A22948DFC00527C37 /* AppDelegate.swift */,
				08EDA16422948DFF00527C37 /* Assets.xcassets */,
				08EDA16622948DFF00527C37 /* LaunchScreen.storyboard */,
				08EDA16922948DFF00527C37 /* Info.plist */,
			);
			path = Notes;
			sourceTree = "<group>";
		};
		08EDA16F22948E0900527C37 /* Controllers */ = {
			isa = PBXGroup;
			children = (
				08EDA15C22948DFC00527C37 /* NotesViewController.swift */,
				08EDA172229535E000527C37 /* SelectedNoteViewController.swift */,
			);
			path = Controllers;
			sourceTree = "<group>";
		};
		08EDA17022948E1A00527C37 /* View */ = {
			isa = PBXGroup;
			children = (
				08EDA15E22948DFC00527C37 /* Main.storyboard */,
			);
			path = View;
			sourceTree = "<group>";
		};
		08EDA17122948E3600527C37 /* Model */ = {
			isa = PBXGroup;
			children = (
				08EDA16122948DFC00527C37 /* Notes.xcdatamodeld */,
			);
			path = Model;
			sourceTree = "<group>";
		};
/* End PBXGroup section */

/* Begin PBXNativeTarget section */
		08EDA15622948DFC00527C37 /* Notes */ = {
			isa = PBXNativeTarget;
			buildConfigurationList = 08EDA16C22948DFF00527C37 /* Build configuration list for PBXNativeTarget "Notes" */;
			buildPhases = (
				08EDA15322948DFC00527C37 /* Sources */,
				08EDA15422948DFC00527C37 /* Frameworks */,
				08EDA15522948DFC00527C37 /* Resources */,
			);
			buildRules = (
			);
			dependencies = (
			);
			name = Notes;
			productName = Notes;
			productReference = 08EDA15722948DFC00527C37 /* Notes.app */;
			productType = "com.apple.product-type.application";
		};
/* End PBXNativeTarget section */

/* Begin PBXProject section */
		08EDA14F22948DFC00527C37 /* Project object */ = {
			isa = PBXProject;
			attributes = {
				LastSwiftUpdateCheck = 1010;
				LastUpgradeCheck = 1010;
				ORGANIZATIONNAME = "Nadia Ayala";
				TargetAttributes = {
					08EDA15622948DFC00527C37 = {
						CreatedOnToolsVersion = 10.1;
					};
				};
			};
			buildConfigurationList = 08EDA15222948DFC00527C37 /* Build configuration list for PBXProject "Notes" */;
			compatibilityVersion = "Xcode 9.3";
			developmentRegion = en;
			hasScannedForEncodings = 0;
			knownRegions = (
				en,
				Base,
			);
			mainGroup = 08EDA14E22948DFC00527C37;
			productRefGroup = 08EDA15822948DFC00527C37 /* Products */;
			projectDirPath = "";
			projectRoot = "";
			targets = (
				08EDA15622948DFC00527C37 /* Notes */,
			);
		};
/* End PBXProject section */

/* Begin PBXResourcesBuildPhase section */
		08EDA15522948DFC00527C37 /* Resources */ = {
			isa = PBXResourcesBuildPhase;
			buildActionMask = 2147483647;
			files = (
				08EDA16822948DFF00527C37 /* LaunchScreen.storyboard in Resources */,
				08EDA16522948DFF00527C37 /* Assets.xcassets in Resources */,
				08EDA16022948DFC00527C37 /* Main.storyboard in Resources */,
			);
			runOnlyForDeploymentPostprocessing = 0;
		};
/* End PBXResourcesBuildPhase section */

/* Begin PBXSourcesBuildPhase section */
		08EDA15322948DFC00527C37 /* Sources */ = {
			isa = PBXSourcesBuildPhase;
			buildActionMask = 2147483647;
			files = (
				08EDA15D22948DFC00527C37 /* NotesViewController.swift in Sources */,
				08EDA16322948DFC00527C37 /* Notes.xcdatamodeld in Sources */,
				08EDA173229535E000527C37 /* SelectedNoteViewController.swift in Sources */,
				08EDA15B22948DFC00527C37 /* AppDelegate.swift in Sources */,
			);
			runOnlyForDeploymentPostprocessing = 0;
		};
/* End PBXSourcesBuildPhase section */

/* Begin PBXVariantGroup section */
		08EDA15E22948DFC00527C37 /* Main.storyboard */ = {
			isa = PBXVariantGroup;
			children = (
				08EDA15F22948DFC00527C37 /* Base */,
			);
			name = Main.storyboard;
			sourceTree = "<group>";
		};
		08EDA16622948DFF00527C37 /* LaunchScreen.storyboard */ = {
			isa = PBXVariantGroup;
			children = (
				08EDA16722948DFF00527C37 /* Base */,
			);
			name = LaunchScreen.storyboard;
			sourceTree = "<group>";
		};
/* End PBXVariantGroup section */

/* Begin XCBuildConfiguration section */
		08EDA16A22948DFF00527C37 /* Debug */ = {
			isa = XCBuildConfiguration;
			buildSettings = {
				ALWAYS_SEARCH_USER_PATHS = NO;
				CLANG_ANALYZER_NONNULL = YES;
				CLANG_ANALYZER_NUMBER_OBJECT_CONVERSION = YES_AGGRESSIVE;
				CLANG_CXX_LANGUAGE_STANDARD = "gnu++14";
				CLANG_CXX_LIBRARY = "libc++";
				CLANG_ENABLE_MODULES = YES;
				CLANG_ENABLE_OBJC_ARC = YES;
				CLANG_ENABLE_OBJC_WEAK = YES;
				CLANG_WARN_BLOCK_CAPTURE_AUTORELEASING = YES;
				CLANG_WARN_BOOL_CONVERSION = YES;
				CLANG_WARN_COMMA = YES;
				CLANG_WARN_CONSTANT_CONVERSION = YES;
				CLANG_WARN_DEPRECATED_OBJC_IMPLEMENTATIONS = YES;
				CLANG_WARN_DIRECT_OBJC_ISA_USAGE = YES_ERROR;
				CLANG_WARN_DOCUMENTATION_COMMENTS = YES;
				CLANG_WARN_EMPTY_BODY = YES;
				CLANG_WARN_ENUM_CONVERSION = YES;
				CLANG_WARN_INFINITE_RECURSION = YES;
				CLANG_WARN_INT_CONVERSION = YES;
				CLANG_WARN_NON_LITERAL_NULL_CONVERSION = YES;
				CLANG_WARN_OBJC_IMPLICIT_RETAIN_SELF = YES;
				CLANG_WARN_OBJC_LITERAL_CONVERSION = YES;
				CLANG_WARN_OBJC_ROOT_CLASS = YES_ERROR;
				CLANG_WARN_RANGE_LOOP_ANALYSIS = YES;
				CLANG_WARN_STRICT_PROTOTYPES = YES;
				CLANG_WARN_SUSPICIOUS_MOVE = YES;
				CLANG_WARN_UNGUARDED_AVAILABILITY = YES_AGGRESSIVE;
				CLANG_WARN_UNREACHABLE_CODE = YES;
				CLANG_WARN__DUPLICATE_METHOD_MATCH = YES;
				CODE_SIGN_IDENTITY = "iPhone Developer";
				COPY_PHASE_STRIP = NO;
				DEBUG_INFORMATION_FORMAT = dwarf;
				ENABLE_STRICT_OBJC_MSGSEND = YES;
				ENABLE_TESTABILITY = YES;
				GCC_C_LANGUAGE_STANDARD = gnu11;
				GCC_DYNAMIC_NO_PIC = NO;
				GCC_NO_COMMON_BLOCKS = YES;
				GCC_OPTIMIZATION_LEVEL = 0;
				GCC_PREPROCESSOR_DEFINITIONS = (
					"DEBUG=1",
					"$(inherited)",
				);
				GCC_WARN_64_TO_32_BIT_CONVERSION = YES;
				GCC_WARN_ABOUT_RETURN_TYPE = YES_ERROR;
				GCC_WARN_UNDECLARED_SELECTOR = YES;
				GCC_WARN_UNINITIALIZED_AUTOS = YES_AGGRESSIVE;
				GCC_WARN_UNUSED_FUNCTION = YES;
				GCC_WARN_UNUSED_VARIABLE = YES;
				IPHONEOS_DEPLOYMENT_TARGET = 12.1;
				MTL_ENABLE_DEBUG_INFO = INCLUDE_SOURCE;
				MTL_FAST_MATH = YES;
				ONLY_ACTIVE_ARCH = YES;
				SDKROOT = iphoneos;
				SWIFT_ACTIVE_COMPILATION_CONDITIONS = DEBUG;
				SWIFT_OPTIMIZATION_LEVEL = "-Onone";
			};
			name = Debug;
		};
		08EDA16B22948DFF00527C37 /* Release */ = {
			isa = XCBuildConfiguration;
			buildSettings = {
				ALWAYS_SEARCH_USER_PATHS = NO;
				CLANG_ANALYZER_NONNULL = YES;
				CLANG_ANALYZER_NUMBER_OBJECT_CONVERSION = YES_AGGRESSIVE;
				CLANG_CXX_LANGUAGE_STANDARD = "gnu++14";
				CLANG_CXX_LIBRARY = "libc++";
				CLANG_ENABLE_MODULES = YES;
				CLANG_ENABLE_OBJC_ARC = YES;
				CLANG_ENABLE_OBJC_WEAK = YES;
				CLANG_WARN_BLOCK_CAPTURE_AUTORELEASING = YES;
				CLANG_WARN_BOOL_CONVERSION = YES;
				CLANG_WARN_COMMA = YES;
				CLANG_WARN_CONSTANT_CONVERSION = YES;
				CLANG_WARN_DEPRECATED_OBJC_IMPLEMENTATIONS = YES;
				CLANG_WARN_DIRECT_OBJC_ISA_USAGE = YES_ERROR;
				CLANG_WARN_DOCUMENTATION_COMMENTS = YES;
				CLANG_WARN_EMPTY_BODY = YES;
				CLANG_WARN_ENUM_CONVERSION = YES;
				CLANG_WARN_INFINITE_RECURSION = YES;
				CLANG_WARN_INT_CONVERSION = YES;
				CLANG_WARN_NON_LITERAL_NULL_CONVERSION = YES;
				CLANG_WARN_OBJC_IMPLICIT_RETAIN_SELF = YES;
				CLANG_WARN_OBJC_LITERAL_CONVERSION = YES;
				CLANG_WARN_OBJC_ROOT_CLASS = YES_ERROR;
				CLANG_WARN_RANGE_LOOP_ANALYSIS = YES;
				CLANG_WARN_STRICT_PROTOTYPES = YES;
				CLANG_WARN_SUSPICIOUS_MOVE = YES;
				CLANG_WARN_UNGUARDED_AVAILABILITY = YES_AGGRESSIVE;
				CLANG_WARN_UNREACHABLE_CODE = YES;
				CLANG_WARN__DUPLICATE_METHOD_MATCH = YES;
				CODE_SIGN_IDENTITY = "iPhone Developer";
				COPY_PHASE_STRIP = NO;
				DEBUG_INFORMATION_FORMAT = "dwarf-with-dsym";
				ENABLE_NS_ASSERTIONS = NO;
				ENABLE_STRICT_OBJC_MSGSEND = YES;
				GCC_C_LANGUAGE_STANDARD = gnu11;
				GCC_NO_COMMON_BLOCKS = YES;
				GCC_WARN_64_TO_32_BIT_CONVERSION = YES;
				GCC_WARN_ABOUT_RETURN_TYPE = YES_ERROR;
				GCC_WARN_UNDECLARED_SELECTOR = YES;
				GCC_WARN_UNINITIALIZED_AUTOS = YES_AGGRESSIVE;
				GCC_WARN_UNUSED_FUNCTION = YES;
				GCC_WARN_UNUSED_VARIABLE = YES;
				IPHONEOS_DEPLOYMENT_TARGET = 12.1;
				MTL_ENABLE_DEBUG_INFO = NO;
				MTL_FAST_MATH = YES;
				SDKROOT = iphoneos;
				SWIFT_COMPILATION_MODE = wholemodule;
				SWIFT_OPTIMIZATION_LEVEL = "-O";
				VALIDATE_PRODUCT = YES;
			};
			name = Release;
		};
		08EDA16D22948DFF00527C37 /* Debug */ = {
			isa = XCBuildConfiguration;
			buildSettings = {
				ASSETCATALOG_COMPILER_APPICON_NAME = AppIcon;
				CODE_SIGN_STYLE = Automatic;
				DEVELOPMENT_TEAM = B98V5435K8;
				INFOPLIST_FILE = Notes/Info.plist;
				LD_RUNPATH_SEARCH_PATHS = (
					"$(inherited)",
					"@executable_path/Frameworks",
				);
				PRODUCT_BUNDLE_IDENTIFIER = com.nadiaayala.notes.Notes;
				PRODUCT_NAME = "$(TARGET_NAME)";
				SWIFT_VERSION = 4.2;
				TARGETED_DEVICE_FAMILY = "1,2";
			};
			name = Debug;
		};
		08EDA16E22948DFF00527C37 /* Release */ = {
			isa = XCBuildConfiguration;
			buildSettings = {
				ASSETCATALOG_COMPILER_APPICON_NAME = AppIcon;
				CODE_SIGN_STYLE = Automatic;
				DEVELOPMENT_TEAM = B98V5435K8;
				INFOPLIST_FILE = Notes/Info.plist;
				LD_RUNPATH_SEARCH_PATHS = (
					"$(inherited)",
					"@executable_path/Frameworks",
				);
				PRODUCT_BUNDLE_IDENTIFIER = com.nadiaayala.notes.Notes;
				PRODUCT_NAME = "$(TARGET_NAME)";
				SWIFT_VERSION = 4.2;
				TARGETED_DEVICE_FAMILY = "1,2";
			};
			name = Release;
		};
/* End XCBuildConfiguration section */

/* Begin XCConfigurationList section */
		08EDA15222948DFC00527C37 /* Build configuration list for PBXProject "Notes" */ = {
			isa = XCConfigurationList;
			buildConfigurations = (
				08EDA16A22948DFF00527C37 /* Debug */,
				08EDA16B22948DFF00527C37 /* Release */,
			);
			defaultConfigurationIsVisible = 0;
			defaultConfigurationName = Release;
		};
		08EDA16C22948DFF00527C37 /* Build configuration list for PBXNativeTarget "Notes" */ = {
			isa = XCConfigurationList;
			buildConfigurations = (
				08EDA16D22948DFF00527C37 /* Debug */,
				08EDA16E22948DFF00527C37 /* Release */,
			);
			defaultConfigurationIsVisible = 0;
			defaultConfigurationName = Release;
		};
/* End XCConfigurationList section */

/* Begin XCVersionGroup section */
		08EDA16122948DFC00527C37 /* Notes.xcdatamodeld */ = {
			isa = XCVersionGroup;
			children = (
				08EDA16222948DFC00527C37 /* Notes.xcdatamodel */,
			);
			currentVersion = 08EDA16222948DFC00527C37 /* Notes.xcdatamodel */;
			path = Notes.xcdatamodeld;
			sourceTree = "<group>";
			versionGroupType = wrapper.xcdatamodel;
		};
/* End XCVersionGroup section */
	};
	rootObject = 08EDA14F22948DFC00527C37 /* Project object */;
}
